// !$*UTF8*$!
{
	archiveVersion = 1;
	classes = {
	};
	objectVersion = 50;
	objects = {

/* Begin PBXBuildFile section */
		A603CF1F264BA02600672516 /* AppRatingViewController.swift in Sources */ = {isa = PBXBuildFile; fileRef = A603CF1D264BA02600672516 /* AppRatingViewController.swift */; };
		A603CF20264BA02600672516 /* AppRatingViewController.xib in Resources */ = {isa = PBXBuildFile; fileRef = A603CF1E264BA02600672516 /* AppRatingViewController.xib */; };
		A634649A2645FC7B005C8815 /* AppDelegate.swift in Sources */ = {isa = PBXBuildFile; fileRef = A63464992645FC7B005C8815 /* AppDelegate.swift */; };
		A634649C2645FC7B005C8815 /* SceneDelegate.swift in Sources */ = {isa = PBXBuildFile; fileRef = A634649B2645FC7B005C8815 /* SceneDelegate.swift */; };
		A634649E2645FC7B005C8815 /* ContainerViewController.swift in Sources */ = {isa = PBXBuildFile; fileRef = A634649D2645FC7B005C8815 /* ContainerViewController.swift */; };
		A63464A32645FC7C005C8815 /* Assets.xcassets in Resources */ = {isa = PBXBuildFile; fileRef = A63464A22645FC7C005C8815 /* Assets.xcassets */; };
		A63464A62645FC7C005C8815 /* LaunchScreen.storyboard in Resources */ = {isa = PBXBuildFile; fileRef = A63464A42645FC7C005C8815 /* LaunchScreen.storyboard */; };
		A6596CA12646583E008A3003 /* UIViewExtension.swift in Sources */ = {isa = PBXBuildFile; fileRef = A6596CA02646583E008A3003 /* UIViewExtension.swift */; };
		A689C4722646499A00EB26D2 /* InfoViewController.swift in Sources */ = {isa = PBXBuildFile; fileRef = A689C4712646499A00EB26D2 /* InfoViewController.swift */; };
		A689C4782646543100EB26D2 /* HeaderSideMenuView.swift in Sources */ = {isa = PBXBuildFile; fileRef = A689C4772646543100EB26D2 /* HeaderSideMenuView.swift */; };
		A689C47C2646545C00EB26D2 /* HeaderSideMenuView.xib in Resources */ = {isa = PBXBuildFile; fileRef = A689C47B2646545C00EB26D2 /* HeaderSideMenuView.xib */; };
		A6BE8A4B2646270D0086F2A3 /* MenuViewController.swift in Sources */ = {isa = PBXBuildFile; fileRef = A6BE8A4A2646270D0086F2A3 /* MenuViewController.swift */; };
		A6BE8A4F2646271A0086F2A3 /* HomeViewController.swift in Sources */ = {isa = PBXBuildFile; fileRef = A6BE8A4E2646271A0086F2A3 /* HomeViewController.swift */; };
/* End PBXBuildFile section */

/* Begin PBXFileReference section */
		A603CF1D264BA02600672516 /* AppRatingViewController.swift */ = {isa = PBXFileReference; lastKnownFileType = sourcecode.swift; path = AppRatingViewController.swift; sourceTree = "<group>"; };
		A603CF1E264BA02600672516 /* AppRatingViewController.xib */ = {isa = PBXFileReference; lastKnownFileType = file.xib; path = AppRatingViewController.xib; sourceTree = "<group>"; };
		A63464962645FC7B005C8815 /* sidemenunative.app */ = {isa = PBXFileReference; explicitFileType = wrapper.application; includeInIndex = 0; path = sidemenunative.app; sourceTree = BUILT_PRODUCTS_DIR; };
		A63464992645FC7B005C8815 /* AppDelegate.swift */ = {isa = PBXFileReference; lastKnownFileType = sourcecode.swift; path = AppDelegate.swift; sourceTree = "<group>"; };
		A634649B2645FC7B005C8815 /* SceneDelegate.swift */ = {isa = PBXFileReference; lastKnownFileType = sourcecode.swift; path = SceneDelegate.swift; sourceTree = "<group>"; };
		A634649D2645FC7B005C8815 /* ContainerViewController.swift */ = {isa = PBXFileReference; lastKnownFileType = sourcecode.swift; path = ContainerViewController.swift; sourceTree = "<group>"; };
		A63464A22645FC7C005C8815 /* Assets.xcassets */ = {isa = PBXFileReference; lastKnownFileType = folder.assetcatalog; path = Assets.xcassets; sourceTree = "<group>"; };
		A63464A52645FC7C005C8815 /* Base */ = {isa = PBXFileReference; lastKnownFileType = file.storyboard; name = Base; path = Base.lproj/LaunchScreen.storyboard; sourceTree = "<group>"; };
		A63464A72645FC7C005C8815 /* Info.plist */ = {isa = PBXFileReference; lastKnownFileType = text.plist.xml; path = Info.plist; sourceTree = "<group>"; };
		A6596CA02646583E008A3003 /* UIViewExtension.swift */ = {isa = PBXFileReference; lastKnownFileType = sourcecode.swift; path = UIViewExtension.swift; sourceTree = "<group>"; };
		A689C4712646499A00EB26D2 /* InfoViewController.swift */ = {isa = PBXFileReference; lastKnownFileType = sourcecode.swift; path = InfoViewController.swift; sourceTree = "<group>"; };
		A689C4772646543100EB26D2 /* HeaderSideMenuView.swift */ = {isa = PBXFileReference; lastKnownFileType = sourcecode.swift; path = HeaderSideMenuView.swift; sourceTree = "<group>"; };
		A689C47B2646545C00EB26D2 /* HeaderSideMenuView.xib */ = {isa = PBXFileReference; lastKnownFileType = file.xib; path = HeaderSideMenuView.xib; sourceTree = "<group>"; };
		A6BE8A4A2646270D0086F2A3 /* MenuViewController.swift */ = {isa = PBXFileReference; lastKnownFileType = sourcecode.swift; path = MenuViewController.swift; sourceTree = "<group>"; };
		A6BE8A4E2646271A0086F2A3 /* HomeViewController.swift */ = {isa = PBXFileReference; lastKnownFileType = sourcecode.swift; path = HomeViewController.swift; sourceTree = "<group>"; };
/* End PBXFileReference section */

/* Begin PBXFrameworksBuildPhase section */
		A63464932645FC7B005C8815 /* Frameworks */ = {
			isa = PBXFrameworksBuildPhase;
			buildActionMask = 2147483647;
			files = (
			);
			runOnlyForDeploymentPostprocessing = 0;
		};
/* End PBXFrameworksBuildPhase section */

/* Begin PBXGroup section */
		A603CF1C264B9FF000672516 /* NIB */ = {
			isa = PBXGroup;
			children = (
				A603CF1E264BA02600672516 /* AppRatingViewController.xib */,
			);
			path = NIB;
			sourceTree = "<group>";
		};
		A634648D2645FC7B005C8815 = {
			isa = PBXGroup;
			children = (
				A63464982645FC7B005C8815 /* sidemenunative */,
				A63464972645FC7B005C8815 /* Products */,
			);
			sourceTree = "<group>";
		};
		A63464972645FC7B005C8815 /* Products */ = {
			isa = PBXGroup;
			children = (
				A63464962645FC7B005C8815 /* sidemenunative.app */,
			);
			name = Products;
			sourceTree = "<group>";
		};
		A63464982645FC7B005C8815 /* sidemenunative */ = {
			isa = PBXGroup;
			children = (
				A6596C9E26465824008A3003 /* Helpers */,
				A689C475264653EC00EB26D2 /* Model */,
				A689C474264653E000EB26D2 /* View */,
				A6BE8A49264626EE0086F2A3 /* Controller */,
				A63464992645FC7B005C8815 /* AppDelegate.swift */,
				A634649B2645FC7B005C8815 /* SceneDelegate.swift */,
				A63464A22645FC7C005C8815 /* Assets.xcassets */,
				A63464A42645FC7C005C8815 /* LaunchScreen.storyboard */,
				A63464A72645FC7C005C8815 /* Info.plist */,
			);
			path = sidemenunative;
			sourceTree = "<group>";
		};
		A6596C9E26465824008A3003 /* Helpers */ = {
			isa = PBXGroup;
			children = (
				A6596C9F2646582C008A3003 /* Extension */,
			);
			path = Helpers;
			sourceTree = "<group>";
		};
		A6596C9F2646582C008A3003 /* Extension */ = {
			isa = PBXGroup;
			children = (
				A6596CA02646583E008A3003 /* UIViewExtension.swift */,
			);
			path = Extension;
			sourceTree = "<group>";
		};
		A689C474264653E000EB26D2 /* View */ = {
			isa = PBXGroup;
			children = (
				A603CF1C264B9FF000672516 /* NIB */,
				A689C476264653F400EB26D2 /* Views */,
			);
			path = View;
			sourceTree = "<group>";
		};
		A689C475264653EC00EB26D2 /* Model */ = {
			isa = PBXGroup;
			children = (
			);
			path = Model;
			sourceTree = "<group>";
		};
		A689C476264653F400EB26D2 /* Views */ = {
			isa = PBXGroup;
			children = (
				A689C47B2646545C00EB26D2 /* HeaderSideMenuView.xib */,
			);
			path = Views;
			sourceTree = "<group>";
		};
		A689C47E2646546800EB26D2 /* Views */ = {
			isa = PBXGroup;
			children = (
				A689C4772646543100EB26D2 /* HeaderSideMenuView.swift */,
			);
			path = Views;
			sourceTree = "<group>";
		};
		A689C47F2646547000EB26D2 /* ViewControllers */ = {
			isa = PBXGroup;
			children = (
				A634649D2645FC7B005C8815 /* ContainerViewController.swift */,
				A6BE8A4A2646270D0086F2A3 /* MenuViewController.swift */,
				A6BE8A4E2646271A0086F2A3 /* HomeViewController.swift */,
				A689C4712646499A00EB26D2 /* InfoViewController.swift */,
				A603CF1D264BA02600672516 /* AppRatingViewController.swift */,
			);
			path = ViewControllers;
			sourceTree = "<group>";
		};
		A6BE8A49264626EE0086F2A3 /* Controller */ = {
			isa = PBXGroup;
			children = (
				A689C47F2646547000EB26D2 /* ViewControllers */,
				A689C47E2646546800EB26D2 /* Views */,
			);
			path = Controller;
			sourceTree = "<group>";
		};
/* End PBXGroup section */

/* Begin PBXNativeTarget section */
		A63464952645FC7B005C8815 /* sidemenunative */ = {
			isa = PBXNativeTarget;
			buildConfigurationList = A63464AA2645FC7C005C8815 /* Build configuration list for PBXNativeTarget "sidemenunative" */;
			buildPhases = (
				A63464922645FC7B005C8815 /* Sources */,
				A63464932645FC7B005C8815 /* Frameworks */,
				A63464942645FC7B005C8815 /* Resources */,
			);
			buildRules = (
			);
			dependencies = (
			);
			name = sidemenunative;
			productName = sidemenunative;
			productReference = A63464962645FC7B005C8815 /* sidemenunative.app */;
			productType = "com.apple.product-type.application";
		};
/* End PBXNativeTarget section */

/* Begin PBXProject section */
		A634648E2645FC7B005C8815 /* Project object */ = {
			isa = PBXProject;
			attributes = {
				LastSwiftUpdateCheck = 1240;
				LastUpgradeCheck = 1240;
				TargetAttributes = {
					A63464952645FC7B005C8815 = {
						CreatedOnToolsVersion = 12.4;
					};
				};
			};
			buildConfigurationList = A63464912645FC7B005C8815 /* Build configuration list for PBXProject "sidemenunative" */;
			compatibilityVersion = "Xcode 9.3";
			developmentRegion = en;
			hasScannedForEncodings = 0;
			knownRegions = (
				en,
				Base,
			);
			mainGroup = A634648D2645FC7B005C8815;
			productRefGroup = A63464972645FC7B005C8815 /* Products */;
			projectDirPath = "";
			projectRoot = "";
			targets = (
				A63464952645FC7B005C8815 /* sidemenunative */,
			);
		};
/* End PBXProject section */

/* Begin PBXResourcesBuildPhase section */
		A63464942645FC7B005C8815 /* Resources */ = {
			isa = PBXResourcesBuildPhase;
			buildActionMask = 2147483647;
			files = (
				A689C47C2646545C00EB26D2 /* HeaderSideMenuView.xib in Resources */,
				A603CF20264BA02600672516 /* AppRatingViewController.xib in Resources */,
				A63464A62645FC7C005C8815 /* LaunchScreen.storyboard in Resources */,
				A63464A32645FC7C005C8815 /* Assets.xcassets in Resources */,
			);
			runOnlyForDeploymentPostprocessing = 0;
		};
/* End PBXResourcesBuildPhase section */

/* Begin PBXSourcesBuildPhase section */
		A63464922645FC7B005C8815 /* Sources */ = {
			isa = PBXSourcesBuildPhase;
			buildActionMask = 2147483647;
			files = (
				A6BE8A4F2646271A0086F2A3 /* HomeViewController.swift in Sources */,
				A603CF1F264BA02600672516 /* AppRatingViewController.swift in Sources */,
				A634649E2645FC7B005C8815 /* ContainerViewController.swift in Sources */,
				A634649A2645FC7B005C8815 /* AppDelegate.swift in Sources */,
				A634649C2645FC7B005C8815 /* SceneDelegate.swift in Sources */,
				A689C4782646543100EB26D2 /* HeaderSideMenuView.swift in Sources */,
				A689C4722646499A00EB26D2 /* InfoViewController.swift in Sources */,
				A6596CA12646583E008A3003 /* UIViewExtension.swift in Sources */,
				A6BE8A4B2646270D0086F2A3 /* MenuViewController.swift in Sources */,
			);
			runOnlyForDeploymentPostprocessing = 0;
		};
/* End PBXSourcesBuildPhase section */

/* Begin PBXVariantGroup section */
		A63464A42645FC7C005C8815 /* LaunchScreen.storyboard */ = {
			isa = PBXVariantGroup;
			children = (
				A63464A52645FC7C005C8815 /* Base */,
			);
			name = LaunchScreen.storyboard;
			sourceTree = "<group>";
		};
/* End PBXVariantGroup section */

/* Begin XCBuildConfiguration section */
		A63464A82645FC7C005C8815 /* Debug */ = {
			isa = XCBuildConfiguration;
			buildSettings = {
				ALWAYS_SEARCH_USER_PATHS = NO;
				CLANG_ANALYZER_NONNULL = YES;
				CLANG_ANALYZER_NUMBER_OBJECT_CONVERSION = YES_AGGRESSIVE;
				CLANG_CXX_LANGUAGE_STANDARD = "gnu++14";
				CLANG_CXX_LIBRARY = "libc++";
				CLANG_ENABLE_MODULES = YES;
				CLANG_ENABLE_OBJC_ARC = YES;
				CLANG_ENABLE_OBJC_WEAK = YES;
				CLANG_WARN_BLOCK_CAPTURE_AUTORELEASING = YES;
				CLANG_WARN_BOOL_CONVERSION = YES;
				CLANG_WARN_COMMA = YES;
				CLANG_WARN_CONSTANT_CONVERSION = YES;
				CLANG_WARN_DEPRECATED_OBJC_IMPLEMENTATIONS = YES;
				CLANG_WARN_DIRECT_OBJC_ISA_USAGE = YES_ERROR;
				CLANG_WARN_DOCUMENTATION_COMMENTS = YES;
				CLANG_WARN_EMPTY_BODY = YES;
				CLANG_WARN_ENUM_CONVERSION = YES;
				CLANG_WARN_INFINITE_RECURSION = YES;
				CLANG_WARN_INT_CONVERSION = YES;
				CLANG_WARN_NON_LITERAL_NULL_CONVERSION = YES;
				CLANG_WARN_OBJC_IMPLICIT_RETAIN_SELF = YES;
				CLANG_WARN_OBJC_LITERAL_CONVERSION = YES;
				CLANG_WARN_OBJC_ROOT_CLASS = YES_ERROR;
				CLANG_WARN_QUOTED_INCLUDE_IN_FRAMEWORK_HEADER = YES;
				CLANG_WARN_RANGE_LOOP_ANALYSIS = YES;
				CLANG_WARN_STRICT_PROTOTYPES = YES;
				CLANG_WARN_SUSPICIOUS_MOVE = YES;
				CLANG_WARN_UNGUARDED_AVAILABILITY = YES_AGGRESSIVE;
				CLANG_WARN_UNREACHABLE_CODE = YES;
				CLANG_WARN__DUPLICATE_METHOD_MATCH = YES;
				COPY_PHASE_STRIP = NO;
				DEBUG_INFORMATION_FORMAT = dwarf;
				ENABLE_STRICT_OBJC_MSGSEND = YES;
				ENABLE_TESTABILITY = YES;
				GCC_C_LANGUAGE_STANDARD = gnu11;
				GCC_DYNAMIC_NO_PIC = NO;
				GCC_NO_COMMON_BLOCKS = YES;
				GCC_OPTIMIZATION_LEVEL = 0;
				GCC_PREPROCESSOR_DEFINITIONS = (
					"DEBUG=1",
					"$(inherited)",
				);
				GCC_WARN_64_TO_32_BIT_CONVERSION = YES;
				GCC_WARN_ABOUT_RETURN_TYPE = YES_ERROR;
				GCC_WARN_UNDECLARED_SELECTOR = YES;
				GCC_WARN_UNINITIALIZED_AUTOS = YES_AGGRESSIVE;
				GCC_WARN_UNUSED_FUNCTION = YES;
				GCC_WARN_UNUSED_VARIABLE = YES;
				IPHONEOS_DEPLOYMENT_TARGET = 14.4;
				MTL_ENABLE_DEBUG_INFO = INCLUDE_SOURCE;
				MTL_FAST_MATH = YES;
				ONLY_ACTIVE_ARCH = YES;
				SDKROOT = iphoneos;
				SWIFT_ACTIVE_COMPILATION_CONDITIONS = DEBUG;
				SWIFT_OPTIMIZATION_LEVEL = "-Onone";
			};
			name = Debug;
		};
		A63464A92645FC7C005C8815 /* Release */ = {
			isa = XCBuildConfiguration;
			buildSettings = {
				ALWAYS_SEARCH_USER_PATHS = NO;
				CLANG_ANALYZER_NONNULL = YES;
				CLANG_ANALYZER_NUMBER_OBJECT_CONVERSION = YES_AGGRESSIVE;
				CLANG_CXX_LANGUAGE_STANDARD = "gnu++14";
				CLANG_CXX_LIBRARY = "libc++";
				CLANG_ENABLE_MODULES = YES;
				CLANG_ENABLE_OBJC_ARC = YES;
				CLANG_ENABLE_OBJC_WEAK = YES;
				CLANG_WARN_BLOCK_CAPTURE_AUTORELEASING = YES;
				CLANG_WARN_BOOL_CONVERSION = YES;
				CLANG_WARN_COMMA = YES;
				CLANG_WARN_CONSTANT_CONVERSION = YES;
				CLANG_WARN_DEPRECATED_OBJC_IMPLEMENTATIONS = YES;
				CLANG_WARN_DIRECT_OBJC_ISA_USAGE = YES_ERROR;
				CLANG_WARN_DOCUMENTATION_COMMENTS = YES;
				CLANG_WARN_EMPTY_BODY = YES;
				CLANG_WARN_ENUM_CONVERSION = YES;
				CLANG_WARN_INFINITE_RECURSION = YES;
				CLANG_WARN_INT_CONVERSION = YES;
				CLANG_WARN_NON_LITERAL_NULL_CONVERSION = YES;
				CLANG_WARN_OBJC_IMPLICIT_RETAIN_SELF = YES;
				CLANG_WARN_OBJC_LITERAL_CONVERSION = YES;
				CLANG_WARN_OBJC_ROOT_CLASS = YES_ERROR;
				CLANG_WARN_QUOTED_INCLUDE_IN_FRAMEWORK_HEADER = YES;
				CLANG_WARN_RANGE_LOOP_ANALYSIS = YES;
				CLANG_WARN_STRICT_PROTOTYPES = YES;
				CLANG_WARN_SUSPICIOUS_MOVE = YES;
				CLANG_WARN_UNGUARDED_AVAILABILITY = YES_AGGRESSIVE;
				CLANG_WARN_UNREACHABLE_CODE = YES;
				CLANG_WARN__DUPLICATE_METHOD_MATCH = YES;
				COPY_PHASE_STRIP = NO;
				DEBUG_INFORMATION_FORMAT = "dwarf-with-dsym";
				ENABLE_NS_ASSERTIONS = NO;
				ENABLE_STRICT_OBJC_MSGSEND = YES;
				GCC_C_LANGUAGE_STANDARD = gnu11;
				GCC_NO_COMMON_BLOCKS = YES;
				GCC_WARN_64_TO_32_BIT_CONVERSION = YES;
				GCC_WARN_ABOUT_RETURN_TYPE = YES_ERROR;
				GCC_WARN_UNDECLARED_SELECTOR = YES;
				GCC_WARN_UNINITIALIZED_AUTOS = YES_AGGRESSIVE;
				GCC_WARN_UNUSED_FUNCTION = YES;
				GCC_WARN_UNUSED_VARIABLE = YES;
				IPHONEOS_DEPLOYMENT_TARGET = 14.4;
				MTL_ENABLE_DEBUG_INFO = NO;
				MTL_FAST_MATH = YES;
				SDKROOT = iphoneos;
				SWIFT_COMPILATION_MODE = wholemodule;
				SWIFT_OPTIMIZATION_LEVEL = "-O";
				VALIDATE_PRODUCT = YES;
			};
			name = Release;
		};
		A63464AB2645FC7C005C8815 /* Debug */ = {
			isa = XCBuildConfiguration;
			buildSettings = {
				ASSETCATALOG_COMPILER_APPICON_NAME = AppIcon;
				ASSETCATALOG_COMPILER_GLOBAL_ACCENT_COLOR_NAME = AccentColor;
				CODE_SIGN_STYLE = Automatic;
				DEVELOPMENT_TEAM = ZJJ275SY3R;
				INFOPLIST_FILE = sidemenunative/Info.plist;
				LD_RUNPATH_SEARCH_PATHS = (
					"$(inherited)",
					"@executable_path/Frameworks",
				);
				PRODUCT_BUNDLE_IDENTIFIER = com.cristian.sidemenunative;
				PRODUCT_NAME = "$(TARGET_NAME)";
				SWIFT_VERSION = 5.0;
				TARGETED_DEVICE_FAMILY = "1,2";
			};
			name = Debug;
		};
		A63464AC2645FC7C005C8815 /* Release */ = {
			isa = XCBuildConfiguration;
			buildSettings = {
				ASSETCATALOG_COMPILER_APPICON_NAME = AppIcon;
				ASSETCATALOG_COMPILER_GLOBAL_ACCENT_COLOR_NAME = AccentColor;
				CODE_SIGN_STYLE = Automatic;
				DEVELOPMENT_TEAM = ZJJ275SY3R;
				INFOPLIST_FILE = sidemenunative/Info.plist;
				LD_RUNPATH_SEARCH_PATHS = (
					"$(inherited)",
					"@executable_path/Frameworks",
				);
				PRODUCT_BUNDLE_IDENTIFIER = com.cristian.sidemenunative;
				PRODUCT_NAME = "$(TARGET_NAME)";
				SWIFT_VERSION = 5.0;
				TARGETED_DEVICE_FAMILY = "1,2";
			};
			name = Release;
		};
/* End XCBuildConfiguration section */

/* Begin XCConfigurationList section */
		A63464912645FC7B005C8815 /* Build configuration list for PBXProject "sidemenunative" */ = {
			isa = XCConfigurationList;
			buildConfigurations = (
				A63464A82645FC7C005C8815 /* Debug */,
				A63464A92645FC7C005C8815 /* Release */,
			);
			defaultConfigurationIsVisible = 0;
			defaultConfigurationName = Release;
		};
		A63464AA2645FC7C005C8815 /* Build configuration list for PBXNativeTarget "sidemenunative" */ = {
			isa = XCConfigurationList;
			buildConfigurations = (
				A63464AB2645FC7C005C8815 /* Debug */,
				A63464AC2645FC7C005C8815 /* Release */,
			);
			defaultConfigurationIsVisible = 0;
			defaultConfigurationName = Release;
		};
/* End XCConfigurationList section */
	};
	rootObject = A634648E2645FC7B005C8815 /* Project object */;
}
